
Microsoft Visual Studio Solution File, Format Version 12.00
# Visual Studio Version 17
VisualStudioVersion = 17.11.35208.52
MinimumVisualStudioVersion = 10.0.40219.1
Project("{FAE04EC0-301F-11D3-BF4B-00C04F79EFBC}") = "ServiciosCalabozosDragones", "ServiciosCalabozosDragones.csproj", "{11E63ED9-3AB3-4008-8BFD-2EAAA6255019}"
EndProject
Project("{FAE04EC0-301F-11D3-BF4B-00C04F79EFBC}") = "Host", "..\Host\Host.csproj", "{F84BCFE8-51EC-4B23-8478-8B6E0A32CB91}"
EndProject
Project("{FAE04EC0-301F-11D3-BF4B-00C04F79EFBC}") = "AccesoDatos", "..\AccesoDatos\AccesoDatos.csproj", "{D890E98B-F333-4E61-8990-D30D05AFC38D}"
EndProject
Global
	GlobalSection(SolutionConfigurationPlatforms) = preSolution
		Debug|Any CPU = Debug|Any CPU
		Release|Any CPU = Release|Any CPU
	EndGlobalSection
	GlobalSection(ProjectConfigurationPlatforms) = postSolution
		{11E63ED9-3AB3-4008-8BFD-2EAAA6255019}.Debug|Any CPU.ActiveCfg = Debug|Any CPU
		{11E63ED9-3AB3-4008-8BFD-2EAAA6255019}.Debug|Any CPU.Build.0 = Debug|Any CPU
		{11E63ED9-3AB3-4008-8BFD-2EAAA6255019}.Release|Any CPU.ActiveCfg = Release|Any CPU
		{11E63ED9-3AB3-4008-8BFD-2EAAA6255019}.Release|Any CPU.Build.0 = Release|Any CPU
		{F84BCFE8-51EC-4B23-8478-8B6E0A32CB91}.Debug|Any CPU.ActiveCfg = Debug|Any CPU
		{F84BCFE8-51EC-4B23-8478-8B6E0A32CB91}.Debug|Any CPU.Build.0 = Debug|Any CPU
		{F84BCFE8-51EC-4B23-8478-8B6E0A32CB91}.Release|Any CPU.ActiveCfg = Release|Any CPU
		{F84BCFE8-51EC-4B23-8478-8B6E0A32CB91}.Release|Any CPU.Build.0 = Release|Any CPU
		{D890E98B-F333-4E61-8990-D30D05AFC38D}.Debug|Any CPU.ActiveCfg = Debug|Any CPU
		{D890E98B-F333-4E61-8990-D30D05AFC38D}.Debug|Any CPU.Build.0 = Debug|Any CPU
		{D890E98B-F333-4E61-8990-D30D05AFC38D}.Release|Any CPU.ActiveCfg = Release|Any CPU
		{D890E98B-F333-4E61-8990-D30D05AFC38D}.Release|Any CPU.Build.0 = Release|Any CPU
	EndGlobalSection
	GlobalSection(SolutionProperties) = preSolution
		HideSolutionNode = FALSE
	EndGlobalSection
	GlobalSection(ExtensibilityGlobals) = postSolution
		SolutionGuid = {C0B95FD5-C9F3-49D9-8C1D-01D70EEC5AB7}
	EndGlobalSection
EndGlobal
